
Microsoft Visual Studio Solution File, Format Version 12.00
# Visual Studio 15
VisualStudioVersion = 15.0.27130.2036
MinimumVisualStudioVersion = 10.0.40219.1
Project("{8BC9CEB8-8B4A-11D0-8D11-00A0C91BC942}") = "00-01-链表", "00-01-链表\00-01-链表.vcxproj", "{E62C0DB6-BB3B-4FA5-A14D-2CAC3CA38BEE}"
EndProject
Project("{8BC9CEB8-8B4A-11D0-8D11-00A0C91BC942}") = "02-03-数组中重复的数字", "02-03-数组中重复的数字\02-03-数组中重复的数字.vcxproj", "{084A468C-1E1E-494C-8D23-0C2D7CD34917}"
EndProject
Project("{8BC9CEB8-8B4A-11D0-8D11-00A0C91BC942}") = "02-04-二维数组中的查找", "02-04-二维数组中的查找\02-04-二维数组中的查找.vcxproj", "{37E9C871-9833-4C24-B0A4-B247406DC816}"
EndProject
Project("{8BC9CEB8-8B4A-11D0-8D11-00A0C91BC942}") = "02-05-替换空格", "02-05-替换空格\02-05-替换空格.vcxproj", "{05658358-585A-49A0-8345-850A8A1AF418}"
EndProject
Project("{8BC9CEB8-8B4A-11D0-8D11-00A0C91BC942}") = "02-06-从头到尾打印链表", "02-06-从头到尾打印链表\02-06-从头到尾打印链表.vcxproj", "{A2FC7CC0-1D60-40B3-BC6D-FC90C8BAA863}"
EndProject
Project("{8BC9CEB8-8B4A-11D0-8D11-00A0C91BC942}") = "02-07-重建二叉树---", "02-07-重建二叉树\02-07-重建二叉树.vcxproj", "{A2475EB4-5D2A-4070-89D3-2A488F81C3FE}"
EndProject
Project("{8BC9CEB8-8B4A-11D0-8D11-00A0C91BC942}") = "02-08-二叉树的下一个节点", "02-08-二叉树的下一个节点\02-08-二叉树的下一个节点.vcxproj", "{8D65EE3D-8A18-4489-9AAE-BEF449053F3C}"
EndProject
Project("{8BC9CEB8-8B4A-11D0-8D11-00A0C91BC942}") = "02-09-用两个栈实现队列", "02-09-用两个栈实现队列\02-09-用两个栈实现队列.vcxproj", "{72A76C78-8426-4A7B-BFF3-33071D5F4485}"
EndProject
Project("{8BC9CEB8-8B4A-11D0-8D11-00A0C91BC942}") = "02-10-斐波那契数列", "02-10-斐波那契数列\02-10-斐波那契数列.vcxproj", "{AF8A52F2-5059-46AB-9F95-8B3D123BA1CB}"
EndProject
Project("{8BC9CEB8-8B4A-11D0-8D11-00A0C91BC942}") = "02-11-旋转数组的最小数字", "02-11-旋转数组的最小数字\02-11-旋转数组的最小数字.vcxproj", "{C032DD1C-508E-4E86-883F-384F75AFF7FA}"
EndProject
Project("{8BC9CEB8-8B4A-11D0-8D11-00A0C91BC942}") = "02-12-矩阵中的路径", "02-12-矩阵中的路径\02-12-矩阵中的路径.vcxproj", "{BC7F495C-361F-465C-8CED-02F30EB577FB}"
EndProject
Project("{8BC9CEB8-8B4A-11D0-8D11-00A0C91BC942}") = "02-13-机器人的运动范围", "02-13-机器人的运动范围\02-13-机器人的运动范围.vcxproj", "{1227FA8E-7F42-451E-9168-DE6895B617B2}"
EndProject
Project("{8BC9CEB8-8B4A-11D0-8D11-00A0C91BC942}") = "02-14-剪绳子", "02-14-剪绳子\02-14-剪绳子.vcxproj", "{11366AE3-C646-4AB7-89F0-366CA3B937FB}"
EndProject
Project("{8BC9CEB8-8B4A-11D0-8D11-00A0C91BC942}") = "02-15-二进制中1的个数", "02-15-二进制中1的个数\02-15-二进制中1的个数.vcxproj", "{DDD7F72C-B02D-425A-8875-C05E0F4549F0}"
EndProject
Project("{8BC9CEB8-8B4A-11D0-8D11-00A0C91BC942}") = "02-16-数值的整数次方", "02-16-数值的整数次方\02-16-数值的整数次方.vcxproj", "{F16C236D-91C0-4BB5-9F97-F9ED8617C494}"
EndProject
Project("{8BC9CEB8-8B4A-11D0-8D11-00A0C91BC942}") = "02-17-打印从1到最大的n位数", "02-17-打印从1到最大的n位数\02-17-打印从1到最大的n位数.vcxproj", "{26CEDDA9-6643-4F82-A6A6-0DB14923DBDC}"
EndProject
Project("{8BC9CEB8-8B4A-11D0-8D11-00A0C91BC942}") = "02-18-删除链表的节点", "02-18-删除链表的节点\02-18-删除链表的节点.vcxproj", "{5615B9B1-425C-484B-9FE0-9311C7FF274A}"
EndProject
Project("{8BC9CEB8-8B4A-11D0-8D11-00A0C91BC942}") = "02-19-正则表达式匹配", "02-19-正则表达式匹配\02-19-正则表达式匹配.vcxproj", "{91D8B0D3-016D-4436-8963-676FE8613606}"
EndProject
Project("{8BC9CEB8-8B4A-11D0-8D11-00A0C91BC942}") = "02-20-表示数值的字符串", "02-20-表示数值的字符串\02-20-表示数值的字符串.vcxproj", "{6300CA1B-803B-449E-92B3-5A8564643BDE}"
EndProject
Project("{8BC9CEB8-8B4A-11D0-8D11-00A0C91BC942}") = "02-21-调整数组顺序使奇数位于偶数前面", "02-21-调整数组顺序使奇数位于偶数前面\02-21-调整数组顺序使奇数位于偶数前面.vcxproj", "{37F41B9C-7727-4645-9602-738A86178642}"
EndProject
Project("{8BC9CEB8-8B4A-11D0-8D11-00A0C91BC942}") = "02-22-链表中倒数第k个节点", "02-22-链表中倒数第k个节点\02-22-链表中倒数第k个节点.vcxproj", "{9E5A3FDF-E005-4203-AA66-294A57FAD493}"
EndProject
Project("{8BC9CEB8-8B4A-11D0-8D11-00A0C91BC942}") = "02-23-链表中环的入口节点", "02-03-链表中环的入口节点\02-03-链表中环的入口节点.vcxproj", "{F82A0ED6-C256-4099-969E-7F6CDAA1BD4F}"
EndProject
Project("{8BC9CEB8-8B4A-11D0-8D11-00A0C91BC942}") = "02-24-反转链表", "02-24-反转链表\02-24-反转链表.vcxproj", "{0A95B91C-AB2E-4B15-BEFD-F1D4A0A4E897}"
EndProject
Global
	GlobalSection(SolutionConfigurationPlatforms) = preSolution
		Debug|Any CPU = Debug|Any CPU
		Debug|x64 = Debug|x64
		Debug|x86 = Debug|x86
		Release|Any CPU = Release|Any CPU
		Release|x64 = Release|x64
		Release|x86 = Release|x86
	EndGlobalSection
	GlobalSection(ProjectConfigurationPlatforms) = postSolution
		{E62C0DB6-BB3B-4FA5-A14D-2CAC3CA38BEE}.Debug|Any CPU.ActiveCfg = Debug|Win32
		{E62C0DB6-BB3B-4FA5-A14D-2CAC3CA38BEE}.Debug|x64.ActiveCfg = Debug|x64
		{E62C0DB6-BB3B-4FA5-A14D-2CAC3CA38BEE}.Debug|x64.Build.0 = Debug|x64
		{E62C0DB6-BB3B-4FA5-A14D-2CAC3CA38BEE}.Debug|x86.ActiveCfg = Debug|Win32
		{E62C0DB6-BB3B-4FA5-A14D-2CAC3CA38BEE}.Debug|x86.Build.0 = Debug|Win32
		{E62C0DB6-BB3B-4FA5-A14D-2CAC3CA38BEE}.Release|Any CPU.ActiveCfg = Release|Win32
		{E62C0DB6-BB3B-4FA5-A14D-2CAC3CA38BEE}.Release|x64.ActiveCfg = Release|x64
		{E62C0DB6-BB3B-4FA5-A14D-2CAC3CA38BEE}.Release|x64.Build.0 = Release|x64
		{E62C0DB6-BB3B-4FA5-A14D-2CAC3CA38BEE}.Release|x86.ActiveCfg = Release|Win32
		{E62C0DB6-BB3B-4FA5-A14D-2CAC3CA38BEE}.Release|x86.Build.0 = Release|Win32
		{084A468C-1E1E-494C-8D23-0C2D7CD34917}.Debug|Any CPU.ActiveCfg = Debug|Win32
		{084A468C-1E1E-494C-8D23-0C2D7CD34917}.Debug|x64.ActiveCfg = Debug|x64
		{084A468C-1E1E-494C-8D23-0C2D7CD34917}.Debug|x64.Build.0 = Debug|x64
		{084A468C-1E1E-494C-8D23-0C2D7CD34917}.Debug|x86.ActiveCfg = Debug|Win32
		{084A468C-1E1E-494C-8D23-0C2D7CD34917}.Debug|x86.Build.0 = Debug|Win32
		{084A468C-1E1E-494C-8D23-0C2D7CD34917}.Release|Any CPU.ActiveCfg = Release|Win32
		{084A468C-1E1E-494C-8D23-0C2D7CD34917}.Release|x64.ActiveCfg = Release|x64
		{084A468C-1E1E-494C-8D23-0C2D7CD34917}.Release|x64.Build.0 = Release|x64
		{084A468C-1E1E-494C-8D23-0C2D7CD34917}.Release|x86.ActiveCfg = Release|Win32
		{084A468C-1E1E-494C-8D23-0C2D7CD34917}.Release|x86.Build.0 = Release|Win32
		{37E9C871-9833-4C24-B0A4-B247406DC816}.Debug|Any CPU.ActiveCfg = Debug|Win32
		{37E9C871-9833-4C24-B0A4-B247406DC816}.Debug|x64.ActiveCfg = Debug|x64
		{37E9C871-9833-4C24-B0A4-B247406DC816}.Debug|x64.Build.0 = Debug|x64
		{37E9C871-9833-4C24-B0A4-B247406DC816}.Debug|x86.ActiveCfg = Debug|Win32
		{37E9C871-9833-4C24-B0A4-B247406DC816}.Debug|x86.Build.0 = Debug|Win32
		{37E9C871-9833-4C24-B0A4-B247406DC816}.Release|Any CPU.ActiveCfg = Release|Win32
		{37E9C871-9833-4C24-B0A4-B247406DC816}.Release|x64.ActiveCfg = Release|x64
		{37E9C871-9833-4C24-B0A4-B247406DC816}.Release|x64.Build.0 = Release|x64
		{37E9C871-9833-4C24-B0A4-B247406DC816}.Release|x86.ActiveCfg = Release|Win32
		{37E9C871-9833-4C24-B0A4-B247406DC816}.Release|x86.Build.0 = Release|Win32
		{05658358-585A-49A0-8345-850A8A1AF418}.Debug|Any CPU.ActiveCfg = Debug|Win32
		{05658358-585A-49A0-8345-850A8A1AF418}.Debug|x64.ActiveCfg = Debug|x64
		{05658358-585A-49A0-8345-850A8A1AF418}.Debug|x64.Build.0 = Debug|x64
		{05658358-585A-49A0-8345-850A8A1AF418}.Debug|x86.ActiveCfg = Debug|Win32
		{05658358-585A-49A0-8345-850A8A1AF418}.Debug|x86.Build.0 = Debug|Win32
		{05658358-585A-49A0-8345-850A8A1AF418}.Release|Any CPU.ActiveCfg = Release|Win32
		{05658358-585A-49A0-8345-850A8A1AF418}.Release|x64.ActiveCfg = Release|x64
		{05658358-585A-49A0-8345-850A8A1AF418}.Release|x64.Build.0 = Release|x64
		{05658358-585A-49A0-8345-850A8A1AF418}.Release|x86.ActiveCfg = Release|Win32
		{05658358-585A-49A0-8345-850A8A1AF418}.Release|x86.Build.0 = Release|Win32
		{A2FC7CC0-1D60-40B3-BC6D-FC90C8BAA863}.Debug|Any CPU.ActiveCfg = Debug|Win32
		{A2FC7CC0-1D60-40B3-BC6D-FC90C8BAA863}.Debug|x64.ActiveCfg = Debug|x64
		{A2FC7CC0-1D60-40B3-BC6D-FC90C8BAA863}.Debug|x64.Build.0 = Debug|x64
		{A2FC7CC0-1D60-40B3-BC6D-FC90C8BAA863}.Debug|x86.ActiveCfg = Debug|Win32
		{A2FC7CC0-1D60-40B3-BC6D-FC90C8BAA863}.Debug|x86.Build.0 = Debug|Win32
		{A2FC7CC0-1D60-40B3-BC6D-FC90C8BAA863}.Release|Any CPU.ActiveCfg = Release|Win32
		{A2FC7CC0-1D60-40B3-BC6D-FC90C8BAA863}.Release|x64.ActiveCfg = Release|x64
		{A2FC7CC0-1D60-40B3-BC6D-FC90C8BAA863}.Release|x64.Build.0 = Release|x64
		{A2FC7CC0-1D60-40B3-BC6D-FC90C8BAA863}.Release|x86.ActiveCfg = Release|Win32
		{A2FC7CC0-1D60-40B3-BC6D-FC90C8BAA863}.Release|x86.Build.0 = Release|Win32
		{A2475EB4-5D2A-4070-89D3-2A488F81C3FE}.Debug|Any CPU.ActiveCfg = Debug|Win32
		{A2475EB4-5D2A-4070-89D3-2A488F81C3FE}.Debug|x64.ActiveCfg = Debug|x64
		{A2475EB4-5D2A-4070-89D3-2A488F81C3FE}.Debug|x64.Build.0 = Debug|x64
		{A2475EB4-5D2A-4070-89D3-2A488F81C3FE}.Debug|x86.ActiveCfg = Debug|Win32
		{A2475EB4-5D2A-4070-89D3-2A488F81C3FE}.Debug|x86.Build.0 = Debug|Win32
		{A2475EB4-5D2A-4070-89D3-2A488F81C3FE}.Release|Any CPU.ActiveCfg = Release|Win32
		{A2475EB4-5D2A-4070-89D3-2A488F81C3FE}.Release|x64.ActiveCfg = Release|x64
		{A2475EB4-5D2A-4070-89D3-2A488F81C3FE}.Release|x64.Build.0 = Release|x64
		{A2475EB4-5D2A-4070-89D3-2A488F81C3FE}.Release|x86.ActiveCfg = Release|Win32
		{A2475EB4-5D2A-4070-89D3-2A488F81C3FE}.Release|x86.Build.0 = Release|Win32
		{8D65EE3D-8A18-4489-9AAE-BEF449053F3C}.Debug|Any CPU.ActiveCfg = Debug|Win32
		{8D65EE3D-8A18-4489-9AAE-BEF449053F3C}.Debug|x64.ActiveCfg = Debug|x64
		{8D65EE3D-8A18-4489-9AAE-BEF449053F3C}.Debug|x64.Build.0 = Debug|x64
		{8D65EE3D-8A18-4489-9AAE-BEF449053F3C}.Debug|x86.ActiveCfg = Debug|Win32
		{8D65EE3D-8A18-4489-9AAE-BEF449053F3C}.Debug|x86.Build.0 = Debug|Win32
		{8D65EE3D-8A18-4489-9AAE-BEF449053F3C}.Release|Any CPU.ActiveCfg = Release|Win32
		{8D65EE3D-8A18-4489-9AAE-BEF449053F3C}.Release|x64.ActiveCfg = Release|x64
		{8D65EE3D-8A18-4489-9AAE-BEF449053F3C}.Release|x64.Build.0 = Release|x64
		{8D65EE3D-8A18-4489-9AAE-BEF449053F3C}.Release|x86.ActiveCfg = Release|Win32
		{8D65EE3D-8A18-4489-9AAE-BEF449053F3C}.Release|x86.Build.0 = Release|Win32
		{72A76C78-8426-4A7B-BFF3-33071D5F4485}.Debug|Any CPU.ActiveCfg = Debug|Win32
		{72A76C78-8426-4A7B-BFF3-33071D5F4485}.Debug|x64.ActiveCfg = Debug|x64
		{72A76C78-8426-4A7B-BFF3-33071D5F4485}.Debug|x64.Build.0 = Debug|x64
		{72A76C78-8426-4A7B-BFF3-33071D5F4485}.Debug|x86.ActiveCfg = Debug|Win32
		{72A76C78-8426-4A7B-BFF3-33071D5F4485}.Debug|x86.Build.0 = Debug|Win32
		{72A76C78-8426-4A7B-BFF3-33071D5F4485}.Release|Any CPU.ActiveCfg = Release|Win32
		{72A76C78-8426-4A7B-BFF3-33071D5F4485}.Release|x64.ActiveCfg = Release|x64
		{72A76C78-8426-4A7B-BFF3-33071D5F4485}.Release|x64.Build.0 = Release|x64
		{72A76C78-8426-4A7B-BFF3-33071D5F4485}.Release|x86.ActiveCfg = Release|Win32
		{72A76C78-8426-4A7B-BFF3-33071D5F4485}.Release|x86.Build.0 = Release|Win32
		{AF8A52F2-5059-46AB-9F95-8B3D123BA1CB}.Debug|Any CPU.ActiveCfg = Debug|Win32
		{AF8A52F2-5059-46AB-9F95-8B3D123BA1CB}.Debug|x64.ActiveCfg = Debug|x64
		{AF8A52F2-5059-46AB-9F95-8B3D123BA1CB}.Debug|x64.Build.0 = Debug|x64
		{AF8A52F2-5059-46AB-9F95-8B3D123BA1CB}.Debug|x86.ActiveCfg = Debug|Win32
		{AF8A52F2-5059-46AB-9F95-8B3D123BA1CB}.Debug|x86.Build.0 = Debug|Win32
		{AF8A52F2-5059-46AB-9F95-8B3D123BA1CB}.Release|Any CPU.ActiveCfg = Release|Win32
		{AF8A52F2-5059-46AB-9F95-8B3D123BA1CB}.Release|x64.ActiveCfg = Release|x64
		{AF8A52F2-5059-46AB-9F95-8B3D123BA1CB}.Release|x64.Build.0 = Release|x64
		{AF8A52F2-5059-46AB-9F95-8B3D123BA1CB}.Release|x86.ActiveCfg = Release|Win32
		{AF8A52F2-5059-46AB-9F95-8B3D123BA1CB}.Release|x86.Build.0 = Release|Win32
		{C032DD1C-508E-4E86-883F-384F75AFF7FA}.Debug|Any CPU.ActiveCfg = Debug|Win32
		{C032DD1C-508E-4E86-883F-384F75AFF7FA}.Debug|x64.ActiveCfg = Debug|x64
		{C032DD1C-508E-4E86-883F-384F75AFF7FA}.Debug|x64.Build.0 = Debug|x64
		{C032DD1C-508E-4E86-883F-384F75AFF7FA}.Debug|x86.ActiveCfg = Debug|Win32
		{C032DD1C-508E-4E86-883F-384F75AFF7FA}.Debug|x86.Build.0 = Debug|Win32
		{C032DD1C-508E-4E86-883F-384F75AFF7FA}.Release|Any CPU.ActiveCfg = Release|Win32
		{C032DD1C-508E-4E86-883F-384F75AFF7FA}.Release|x64.ActiveCfg = Release|x64
		{C032DD1C-508E-4E86-883F-384F75AFF7FA}.Release|x64.Build.0 = Release|x64
		{C032DD1C-508E-4E86-883F-384F75AFF7FA}.Release|x86.ActiveCfg = Release|Win32
		{C032DD1C-508E-4E86-883F-384F75AFF7FA}.Release|x86.Build.0 = Release|Win32
		{BC7F495C-361F-465C-8CED-02F30EB577FB}.Debug|Any CPU.ActiveCfg = Debug|Win32
		{BC7F495C-361F-465C-8CED-02F30EB577FB}.Debug|x64.ActiveCfg = Debug|x64
		{BC7F495C-361F-465C-8CED-02F30EB577FB}.Debug|x64.Build.0 = Debug|x64
		{BC7F495C-361F-465C-8CED-02F30EB577FB}.Debug|x86.ActiveCfg = Debug|Win32
		{BC7F495C-361F-465C-8CED-02F30EB577FB}.Debug|x86.Build.0 = Debug|Win32
		{BC7F495C-361F-465C-8CED-02F30EB577FB}.Release|Any CPU.ActiveCfg = Release|Win32
		{BC7F495C-361F-465C-8CED-02F30EB577FB}.Release|x64.ActiveCfg = Release|x64
		{BC7F495C-361F-465C-8CED-02F30EB577FB}.Release|x64.Build.0 = Release|x64
		{BC7F495C-361F-465C-8CED-02F30EB577FB}.Release|x86.ActiveCfg = Release|Win32
		{BC7F495C-361F-465C-8CED-02F30EB577FB}.Release|x86.Build.0 = Release|Win32
		{1227FA8E-7F42-451E-9168-DE6895B617B2}.Debug|Any CPU.ActiveCfg = Debug|Win32
		{1227FA8E-7F42-451E-9168-DE6895B617B2}.Debug|x64.ActiveCfg = Debug|x64
		{1227FA8E-7F42-451E-9168-DE6895B617B2}.Debug|x64.Build.0 = Debug|x64
		{1227FA8E-7F42-451E-9168-DE6895B617B2}.Debug|x86.ActiveCfg = Debug|Win32
		{1227FA8E-7F42-451E-9168-DE6895B617B2}.Debug|x86.Build.0 = Debug|Win32
		{1227FA8E-7F42-451E-9168-DE6895B617B2}.Release|Any CPU.ActiveCfg = Release|Win32
		{1227FA8E-7F42-451E-9168-DE6895B617B2}.Release|x64.ActiveCfg = Release|x64
		{1227FA8E-7F42-451E-9168-DE6895B617B2}.Release|x64.Build.0 = Release|x64
		{1227FA8E-7F42-451E-9168-DE6895B617B2}.Release|x86.ActiveCfg = Release|Win32
		{1227FA8E-7F42-451E-9168-DE6895B617B2}.Release|x86.Build.0 = Release|Win32
		{11366AE3-C646-4AB7-89F0-366CA3B937FB}.Debug|Any CPU.ActiveCfg = Debug|Win32
		{11366AE3-C646-4AB7-89F0-366CA3B937FB}.Debug|x64.ActiveCfg = Debug|x64
		{11366AE3-C646-4AB7-89F0-366CA3B937FB}.Debug|x64.Build.0 = Debug|x64
		{11366AE3-C646-4AB7-89F0-366CA3B937FB}.Debug|x86.ActiveCfg = Debug|Win32
		{11366AE3-C646-4AB7-89F0-366CA3B937FB}.Debug|x86.Build.0 = Debug|Win32
		{11366AE3-C646-4AB7-89F0-366CA3B937FB}.Release|Any CPU.ActiveCfg = Release|Win32
		{11366AE3-C646-4AB7-89F0-366CA3B937FB}.Release|x64.ActiveCfg = Release|x64
		{11366AE3-C646-4AB7-89F0-366CA3B937FB}.Release|x64.Build.0 = Release|x64
		{11366AE3-C646-4AB7-89F0-366CA3B937FB}.Release|x86.ActiveCfg = Release|Win32
		{11366AE3-C646-4AB7-89F0-366CA3B937FB}.Release|x86.Build.0 = Release|Win32
		{DDD7F72C-B02D-425A-8875-C05E0F4549F0}.Debug|Any CPU.ActiveCfg = Debug|Win32
		{DDD7F72C-B02D-425A-8875-C05E0F4549F0}.Debug|x64.ActiveCfg = Debug|x64
		{DDD7F72C-B02D-425A-8875-C05E0F4549F0}.Debug|x64.Build.0 = Debug|x64
		{DDD7F72C-B02D-425A-8875-C05E0F4549F0}.Debug|x86.ActiveCfg = Debug|Win32
		{DDD7F72C-B02D-425A-8875-C05E0F4549F0}.Debug|x86.Build.0 = Debug|Win32
		{DDD7F72C-B02D-425A-8875-C05E0F4549F0}.Release|Any CPU.ActiveCfg = Release|Win32
		{DDD7F72C-B02D-425A-8875-C05E0F4549F0}.Release|x64.ActiveCfg = Release|x64
		{DDD7F72C-B02D-425A-8875-C05E0F4549F0}.Release|x64.Build.0 = Release|x64
		{DDD7F72C-B02D-425A-8875-C05E0F4549F0}.Release|x86.ActiveCfg = Release|Win32
		{DDD7F72C-B02D-425A-8875-C05E0F4549F0}.Release|x86.Build.0 = Release|Win32
		{F16C236D-91C0-4BB5-9F97-F9ED8617C494}.Debug|Any CPU.ActiveCfg = Debug|Win32
		{F16C236D-91C0-4BB5-9F97-F9ED8617C494}.Debug|x64.ActiveCfg = Debug|x64
		{F16C236D-91C0-4BB5-9F97-F9ED8617C494}.Debug|x64.Build.0 = Debug|x64
		{F16C236D-91C0-4BB5-9F97-F9ED8617C494}.Debug|x86.ActiveCfg = Debug|Win32
		{F16C236D-91C0-4BB5-9F97-F9ED8617C494}.Debug|x86.Build.0 = Debug|Win32
		{F16C236D-91C0-4BB5-9F97-F9ED8617C494}.Release|Any CPU.ActiveCfg = Release|Win32
		{F16C236D-91C0-4BB5-9F97-F9ED8617C494}.Release|x64.ActiveCfg = Release|x64
		{F16C236D-91C0-4BB5-9F97-F9ED8617C494}.Release|x64.Build.0 = Release|x64
		{F16C236D-91C0-4BB5-9F97-F9ED8617C494}.Release|x86.ActiveCfg = Release|Win32
		{F16C236D-91C0-4BB5-9F97-F9ED8617C494}.Release|x86.Build.0 = Release|Win32
		{26CEDDA9-6643-4F82-A6A6-0DB14923DBDC}.Debug|Any CPU.ActiveCfg = Debug|Win32
		{26CEDDA9-6643-4F82-A6A6-0DB14923DBDC}.Debug|x64.ActiveCfg = Debug|x64
		{26CEDDA9-6643-4F82-A6A6-0DB14923DBDC}.Debug|x64.Build.0 = Debug|x64
		{26CEDDA9-6643-4F82-A6A6-0DB14923DBDC}.Debug|x86.ActiveCfg = Debug|Win32
		{26CEDDA9-6643-4F82-A6A6-0DB14923DBDC}.Debug|x86.Build.0 = Debug|Win32
		{26CEDDA9-6643-4F82-A6A6-0DB14923DBDC}.Release|Any CPU.ActiveCfg = Release|Win32
		{26CEDDA9-6643-4F82-A6A6-0DB14923DBDC}.Release|x64.ActiveCfg = Release|x64
		{26CEDDA9-6643-4F82-A6A6-0DB14923DBDC}.Release|x64.Build.0 = Release|x64
		{26CEDDA9-6643-4F82-A6A6-0DB14923DBDC}.Release|x86.ActiveCfg = Release|Win32
		{26CEDDA9-6643-4F82-A6A6-0DB14923DBDC}.Release|x86.Build.0 = Release|Win32
		{5615B9B1-425C-484B-9FE0-9311C7FF274A}.Debug|Any CPU.ActiveCfg = Debug|Win32
		{5615B9B1-425C-484B-9FE0-9311C7FF274A}.Debug|x64.ActiveCfg = Debug|x64
		{5615B9B1-425C-484B-9FE0-9311C7FF274A}.Debug|x64.Build.0 = Debug|x64
		{5615B9B1-425C-484B-9FE0-9311C7FF274A}.Debug|x86.ActiveCfg = Debug|Win32
		{5615B9B1-425C-484B-9FE0-9311C7FF274A}.Debug|x86.Build.0 = Debug|Win32
		{5615B9B1-425C-484B-9FE0-9311C7FF274A}.Release|Any CPU.ActiveCfg = Release|Win32
		{5615B9B1-425C-484B-9FE0-9311C7FF274A}.Release|x64.ActiveCfg = Release|x64
		{5615B9B1-425C-484B-9FE0-9311C7FF274A}.Release|x64.Build.0 = Release|x64
		{5615B9B1-425C-484B-9FE0-9311C7FF274A}.Release|x86.ActiveCfg = Release|Win32
		{5615B9B1-425C-484B-9FE0-9311C7FF274A}.Release|x86.Build.0 = Release|Win32
		{91D8B0D3-016D-4436-8963-676FE8613606}.Debug|Any CPU.ActiveCfg = Debug|Win32
		{91D8B0D3-016D-4436-8963-676FE8613606}.Debug|x64.ActiveCfg = Debug|x64
		{91D8B0D3-016D-4436-8963-676FE8613606}.Debug|x64.Build.0 = Debug|x64
		{91D8B0D3-016D-4436-8963-676FE8613606}.Debug|x86.ActiveCfg = Debug|Win32
		{91D8B0D3-016D-4436-8963-676FE8613606}.Debug|x86.Build.0 = Debug|Win32
		{91D8B0D3-016D-4436-8963-676FE8613606}.Release|Any CPU.ActiveCfg = Release|Win32
		{91D8B0D3-016D-4436-8963-676FE8613606}.Release|x64.ActiveCfg = Release|x64
		{91D8B0D3-016D-4436-8963-676FE8613606}.Release|x64.Build.0 = Release|x64
		{91D8B0D3-016D-4436-8963-676FE8613606}.Release|x86.ActiveCfg = Release|Win32
		{91D8B0D3-016D-4436-8963-676FE8613606}.Release|x86.Build.0 = Release|Win32
		{6300CA1B-803B-449E-92B3-5A8564643BDE}.Debug|Any CPU.ActiveCfg = Debug|Win32
		{6300CA1B-803B-449E-92B3-5A8564643BDE}.Debug|x64.ActiveCfg = Debug|x64
		{6300CA1B-803B-449E-92B3-5A8564643BDE}.Debug|x64.Build.0 = Debug|x64
		{6300CA1B-803B-449E-92B3-5A8564643BDE}.Debug|x86.ActiveCfg = Debug|Win32
		{6300CA1B-803B-449E-92B3-5A8564643BDE}.Debug|x86.Build.0 = Debug|Win32
		{6300CA1B-803B-449E-92B3-5A8564643BDE}.Release|Any CPU.ActiveCfg = Release|Win32
		{6300CA1B-803B-449E-92B3-5A8564643BDE}.Release|x64.ActiveCfg = Release|x64
		{6300CA1B-803B-449E-92B3-5A8564643BDE}.Release|x64.Build.0 = Release|x64
		{6300CA1B-803B-449E-92B3-5A8564643BDE}.Release|x86.ActiveCfg = Release|Win32
		{6300CA1B-803B-449E-92B3-5A8564643BDE}.Release|x86.Build.0 = Release|Win32
		{37F41B9C-7727-4645-9602-738A86178642}.Debug|Any CPU.ActiveCfg = Debug|Win32
		{37F41B9C-7727-4645-9602-738A86178642}.Debug|x64.ActiveCfg = Debug|x64
		{37F41B9C-7727-4645-9602-738A86178642}.Debug|x64.Build.0 = Debug|x64
		{37F41B9C-7727-4645-9602-738A86178642}.Debug|x86.ActiveCfg = Debug|Win32
		{37F41B9C-7727-4645-9602-738A86178642}.Debug|x86.Build.0 = Debug|Win32
		{37F41B9C-7727-4645-9602-738A86178642}.Release|Any CPU.ActiveCfg = Release|Win32
		{37F41B9C-7727-4645-9602-738A86178642}.Release|x64.ActiveCfg = Release|x64
		{37F41B9C-7727-4645-9602-738A86178642}.Release|x64.Build.0 = Release|x64
		{37F41B9C-7727-4645-9602-738A86178642}.Release|x86.ActiveCfg = Release|Win32
		{37F41B9C-7727-4645-9602-738A86178642}.Release|x86.Build.0 = Release|Win32
		{9E5A3FDF-E005-4203-AA66-294A57FAD493}.Debug|Any CPU.ActiveCfg = Debug|Win32
		{9E5A3FDF-E005-4203-AA66-294A57FAD493}.Debug|x64.ActiveCfg = Debug|x64
		{9E5A3FDF-E005-4203-AA66-294A57FAD493}.Debug|x64.Build.0 = Debug|x64
		{9E5A3FDF-E005-4203-AA66-294A57FAD493}.Debug|x86.ActiveCfg = Debug|Win32
		{9E5A3FDF-E005-4203-AA66-294A57FAD493}.Debug|x86.Build.0 = Debug|Win32
		{9E5A3FDF-E005-4203-AA66-294A57FAD493}.Release|Any CPU.ActiveCfg = Release|Win32
		{9E5A3FDF-E005-4203-AA66-294A57FAD493}.Release|x64.ActiveCfg = Release|x64
		{9E5A3FDF-E005-4203-AA66-294A57FAD493}.Release|x64.Build.0 = Release|x64
		{9E5A3FDF-E005-4203-AA66-294A57FAD493}.Release|x86.ActiveCfg = Release|Win32
		{9E5A3FDF-E005-4203-AA66-294A57FAD493}.Release|x86.Build.0 = Release|Win32
		{F82A0ED6-C256-4099-969E-7F6CDAA1BD4F}.Debug|Any CPU.ActiveCfg = Debug|Win32
		{F82A0ED6-C256-4099-969E-7F6CDAA1BD4F}.Debug|x64.ActiveCfg = Debug|x64
		{F82A0ED6-C256-4099-969E-7F6CDAA1BD4F}.Debug|x64.Build.0 = Debug|x64
		{F82A0ED6-C256-4099-969E-7F6CDAA1BD4F}.Debug|x86.ActiveCfg = Debug|Win32
		{F82A0ED6-C256-4099-969E-7F6CDAA1BD4F}.Debug|x86.Build.0 = Debug|Win32
		{F82A0ED6-C256-4099-969E-7F6CDAA1BD4F}.Release|Any CPU.ActiveCfg = Release|Win32
		{F82A0ED6-C256-4099-969E-7F6CDAA1BD4F}.Release|x64.ActiveCfg = Release|x64
		{F82A0ED6-C256-4099-969E-7F6CDAA1BD4F}.Release|x64.Build.0 = Release|x64
		{F82A0ED6-C256-4099-969E-7F6CDAA1BD4F}.Release|x86.ActiveCfg = Release|Win32
		{F82A0ED6-C256-4099-969E-7F6CDAA1BD4F}.Release|x86.Build.0 = Release|Win32
		{0A95B91C-AB2E-4B15-BEFD-F1D4A0A4E897}.Debug|Any CPU.ActiveCfg = Debug|Win32
		{0A95B91C-AB2E-4B15-BEFD-F1D4A0A4E897}.Debug|x64.ActiveCfg = Debug|x64
		{0A95B91C-AB2E-4B15-BEFD-F1D4A0A4E897}.Debug|x64.Build.0 = Debug|x64
		{0A95B91C-AB2E-4B15-BEFD-F1D4A0A4E897}.Debug|x86.ActiveCfg = Debug|Win32
		{0A95B91C-AB2E-4B15-BEFD-F1D4A0A4E897}.Debug|x86.Build.0 = Debug|Win32
		{0A95B91C-AB2E-4B15-BEFD-F1D4A0A4E897}.Release|Any CPU.ActiveCfg = Release|Win32
		{0A95B91C-AB2E-4B15-BEFD-F1D4A0A4E897}.Release|x64.ActiveCfg = Release|x64
		{0A95B91C-AB2E-4B15-BEFD-F1D4A0A4E897}.Release|x64.Build.0 = Release|x64
		{0A95B91C-AB2E-4B15-BEFD-F1D4A0A4E897}.Release|x86.ActiveCfg = Release|Win32
		{0A95B91C-AB2E-4B15-BEFD-F1D4A0A4E897}.Release|x86.Build.0 = Release|Win32
	EndGlobalSection
	GlobalSection(SolutionProperties) = preSolution
		HideSolutionNode = FALSE
	EndGlobalSection
	GlobalSection(ExtensibilityGlobals) = postSolution
		SolutionGuid = {1B0F0326-390D-49B2-BC19-703FFE4F5ECB}
	EndGlobalSection
EndGlobal
