
Microsoft Visual Studio Solution File, Format Version 12.00
# Visual Studio 15
VisualStudioVersion = 15.0.27130.2036
MinimumVisualStudioVersion = 10.0.40219.1
Project("{8BC9CEB8-8B4A-11D0-8D11-00A0C91BC942}") = "00-01-链表", "00-01-链表\00-01-链表.vcxproj", "{E62C0DB6-BB3B-4FA5-A14D-2CAC3CA38BEE}"
EndProject
Project("{8BC9CEB8-8B4A-11D0-8D11-00A0C91BC942}") = "02-03-数组中重复的数字", "02-03-数组中重复的数字\02-03-数组中重复的数字.vcxproj", "{084A468C-1E1E-494C-8D23-0C2D7CD34917}"
EndProject
Project("{8BC9CEB8-8B4A-11D0-8D11-00A0C91BC942}") = "02-04-二维数组中的查找", "02-04-二维数组中的查找\02-04-二维数组中的查找.vcxproj", "{37E9C871-9833-4C24-B0A4-B247406DC816}"
EndProject
Project("{8BC9CEB8-8B4A-11D0-8D11-00A0C91BC942}") = "02-05-替换空格", "02-05-替换空格\02-05-替换空格.vcxproj", "{05658358-585A-49A0-8345-850A8A1AF418}"
EndProject
Project("{8BC9CEB8-8B4A-11D0-8D11-00A0C91BC942}") = "02-06-从头到尾打印链表", "02-06-从头到尾打印链表\02-06-从头到尾打印链表.vcxproj", "{A2FC7CC0-1D60-40B3-BC6D-FC90C8BAA863}"
EndProject
Project("{8BC9CEB8-8B4A-11D0-8D11-00A0C91BC942}") = "02-07-重建二叉树---", "02-07-重建二叉树\02-07-重建二叉树.vcxproj", "{A2475EB4-5D2A-4070-89D3-2A488F81C3FE}"
EndProject
Project("{8BC9CEB8-8B4A-11D0-8D11-00A0C91BC942}") = "02-08-二叉树的下一个节点", "02-08-二叉树的下一个节点\02-08-二叉树的下一个节点.vcxproj", "{8D65EE3D-8A18-4489-9AAE-BEF449053F3C}"
EndProject
Project("{8BC9CEB8-8B4A-11D0-8D11-00A0C91BC942}") = "02-09-用两个栈实现队列", "02-09-用两个栈实现队列\02-09-用两个栈实现队列.vcxproj", "{72A76C78-8426-4A7B-BFF3-33071D5F4485}"
EndProject
Global
	GlobalSection(SolutionConfigurationPlatforms) = preSolution
		Debug|Any CPU = Debug|Any CPU
		Debug|x64 = Debug|x64
		Debug|x86 = Debug|x86
		Release|Any CPU = Release|Any CPU
		Release|x64 = Release|x64
		Release|x86 = Release|x86
	EndGlobalSection
	GlobalSection(ProjectConfigurationPlatforms) = postSolution
		{E62C0DB6-BB3B-4FA5-A14D-2CAC3CA38BEE}.Debug|Any CPU.ActiveCfg = Debug|Win32
		{E62C0DB6-BB3B-4FA5-A14D-2CAC3CA38BEE}.Debug|x64.ActiveCfg = Debug|x64
		{E62C0DB6-BB3B-4FA5-A14D-2CAC3CA38BEE}.Debug|x64.Build.0 = Debug|x64
		{E62C0DB6-BB3B-4FA5-A14D-2CAC3CA38BEE}.Debug|x86.ActiveCfg = Debug|Win32
		{E62C0DB6-BB3B-4FA5-A14D-2CAC3CA38BEE}.Debug|x86.Build.0 = Debug|Win32
		{E62C0DB6-BB3B-4FA5-A14D-2CAC3CA38BEE}.Release|Any CPU.ActiveCfg = Release|Win32
		{E62C0DB6-BB3B-4FA5-A14D-2CAC3CA38BEE}.Release|x64.ActiveCfg = Release|x64
		{E62C0DB6-BB3B-4FA5-A14D-2CAC3CA38BEE}.Release|x64.Build.0 = Release|x64
		{E62C0DB6-BB3B-4FA5-A14D-2CAC3CA38BEE}.Release|x86.ActiveCfg = Release|Win32
		{E62C0DB6-BB3B-4FA5-A14D-2CAC3CA38BEE}.Release|x86.Build.0 = Release|Win32
		{084A468C-1E1E-494C-8D23-0C2D7CD34917}.Debug|Any CPU.ActiveCfg = Debug|Win32
		{084A468C-1E1E-494C-8D23-0C2D7CD34917}.Debug|x64.ActiveCfg = Debug|x64
		{084A468C-1E1E-494C-8D23-0C2D7CD34917}.Debug|x64.Build.0 = Debug|x64
		{084A468C-1E1E-494C-8D23-0C2D7CD34917}.Debug|x86.ActiveCfg = Debug|Win32
		{084A468C-1E1E-494C-8D23-0C2D7CD34917}.Debug|x86.Build.0 = Debug|Win32
		{084A468C-1E1E-494C-8D23-0C2D7CD34917}.Release|Any CPU.ActiveCfg = Release|Win32
		{084A468C-1E1E-494C-8D23-0C2D7CD34917}.Release|x64.ActiveCfg = Release|x64
		{084A468C-1E1E-494C-8D23-0C2D7CD34917}.Release|x64.Build.0 = Release|x64
		{084A468C-1E1E-494C-8D23-0C2D7CD34917}.Release|x86.ActiveCfg = Release|Win32
		{084A468C-1E1E-494C-8D23-0C2D7CD34917}.Release|x86.Build.0 = Release|Win32
		{37E9C871-9833-4C24-B0A4-B247406DC816}.Debug|Any CPU.ActiveCfg = Debug|Win32
		{37E9C871-9833-4C24-B0A4-B247406DC816}.Debug|x64.ActiveCfg = Debug|x64
		{37E9C871-9833-4C24-B0A4-B247406DC816}.Debug|x64.Build.0 = Debug|x64
		{37E9C871-9833-4C24-B0A4-B247406DC816}.Debug|x86.ActiveCfg = Debug|Win32
		{37E9C871-9833-4C24-B0A4-B247406DC816}.Debug|x86.Build.0 = Debug|Win32
		{37E9C871-9833-4C24-B0A4-B247406DC816}.Release|Any CPU.ActiveCfg = Release|Win32
		{37E9C871-9833-4C24-B0A4-B247406DC816}.Release|x64.ActiveCfg = Release|x64
		{37E9C871-9833-4C24-B0A4-B247406DC816}.Release|x64.Build.0 = Release|x64
		{37E9C871-9833-4C24-B0A4-B247406DC816}.Release|x86.ActiveCfg = Release|Win32
		{37E9C871-9833-4C24-B0A4-B247406DC816}.Release|x86.Build.0 = Release|Win32
		{05658358-585A-49A0-8345-850A8A1AF418}.Debug|Any CPU.ActiveCfg = Debug|Win32
		{05658358-585A-49A0-8345-850A8A1AF418}.Debug|x64.ActiveCfg = Debug|x64
		{05658358-585A-49A0-8345-850A8A1AF418}.Debug|x64.Build.0 = Debug|x64
		{05658358-585A-49A0-8345-850A8A1AF418}.Debug|x86.ActiveCfg = Debug|Win32
		{05658358-585A-49A0-8345-850A8A1AF418}.Debug|x86.Build.0 = Debug|Win32
		{05658358-585A-49A0-8345-850A8A1AF418}.Release|Any CPU.ActiveCfg = Release|Win32
		{05658358-585A-49A0-8345-850A8A1AF418}.Release|x64.ActiveCfg = Release|x64
		{05658358-585A-49A0-8345-850A8A1AF418}.Release|x64.Build.0 = Release|x64
		{05658358-585A-49A0-8345-850A8A1AF418}.Release|x86.ActiveCfg = Release|Win32
		{05658358-585A-49A0-8345-850A8A1AF418}.Release|x86.Build.0 = Release|Win32
		{A2FC7CC0-1D60-40B3-BC6D-FC90C8BAA863}.Debug|Any CPU.ActiveCfg = Debug|Win32
		{A2FC7CC0-1D60-40B3-BC6D-FC90C8BAA863}.Debug|x64.ActiveCfg = Debug|x64
		{A2FC7CC0-1D60-40B3-BC6D-FC90C8BAA863}.Debug|x64.Build.0 = Debug|x64
		{A2FC7CC0-1D60-40B3-BC6D-FC90C8BAA863}.Debug|x86.ActiveCfg = Debug|Win32
		{A2FC7CC0-1D60-40B3-BC6D-FC90C8BAA863}.Debug|x86.Build.0 = Debug|Win32
		{A2FC7CC0-1D60-40B3-BC6D-FC90C8BAA863}.Release|Any CPU.ActiveCfg = Release|Win32
		{A2FC7CC0-1D60-40B3-BC6D-FC90C8BAA863}.Release|x64.ActiveCfg = Release|x64
		{A2FC7CC0-1D60-40B3-BC6D-FC90C8BAA863}.Release|x64.Build.0 = Release|x64
		{A2FC7CC0-1D60-40B3-BC6D-FC90C8BAA863}.Release|x86.ActiveCfg = Release|Win32
		{A2FC7CC0-1D60-40B3-BC6D-FC90C8BAA863}.Release|x86.Build.0 = Release|Win32
		{A2475EB4-5D2A-4070-89D3-2A488F81C3FE}.Debug|Any CPU.ActiveCfg = Debug|Win32
		{A2475EB4-5D2A-4070-89D3-2A488F81C3FE}.Debug|x64.ActiveCfg = Debug|x64
		{A2475EB4-5D2A-4070-89D3-2A488F81C3FE}.Debug|x64.Build.0 = Debug|x64
		{A2475EB4-5D2A-4070-89D3-2A488F81C3FE}.Debug|x86.ActiveCfg = Debug|Win32
		{A2475EB4-5D2A-4070-89D3-2A488F81C3FE}.Debug|x86.Build.0 = Debug|Win32
		{A2475EB4-5D2A-4070-89D3-2A488F81C3FE}.Release|Any CPU.ActiveCfg = Release|Win32
		{A2475EB4-5D2A-4070-89D3-2A488F81C3FE}.Release|x64.ActiveCfg = Release|x64
		{A2475EB4-5D2A-4070-89D3-2A488F81C3FE}.Release|x64.Build.0 = Release|x64
		{A2475EB4-5D2A-4070-89D3-2A488F81C3FE}.Release|x86.ActiveCfg = Release|Win32
		{A2475EB4-5D2A-4070-89D3-2A488F81C3FE}.Release|x86.Build.0 = Release|Win32
		{8D65EE3D-8A18-4489-9AAE-BEF449053F3C}.Debug|Any CPU.ActiveCfg = Debug|Win32
		{8D65EE3D-8A18-4489-9AAE-BEF449053F3C}.Debug|x64.ActiveCfg = Debug|x64
		{8D65EE3D-8A18-4489-9AAE-BEF449053F3C}.Debug|x64.Build.0 = Debug|x64
		{8D65EE3D-8A18-4489-9AAE-BEF449053F3C}.Debug|x86.ActiveCfg = Debug|Win32
		{8D65EE3D-8A18-4489-9AAE-BEF449053F3C}.Debug|x86.Build.0 = Debug|Win32
		{8D65EE3D-8A18-4489-9AAE-BEF449053F3C}.Release|Any CPU.ActiveCfg = Release|Win32
		{8D65EE3D-8A18-4489-9AAE-BEF449053F3C}.Release|x64.ActiveCfg = Release|x64
		{8D65EE3D-8A18-4489-9AAE-BEF449053F3C}.Release|x64.Build.0 = Release|x64
		{8D65EE3D-8A18-4489-9AAE-BEF449053F3C}.Release|x86.ActiveCfg = Release|Win32
		{8D65EE3D-8A18-4489-9AAE-BEF449053F3C}.Release|x86.Build.0 = Release|Win32
		{72A76C78-8426-4A7B-BFF3-33071D5F4485}.Debug|Any CPU.ActiveCfg = Debug|Win32
		{72A76C78-8426-4A7B-BFF3-33071D5F4485}.Debug|x64.ActiveCfg = Debug|x64
		{72A76C78-8426-4A7B-BFF3-33071D5F4485}.Debug|x64.Build.0 = Debug|x64
		{72A76C78-8426-4A7B-BFF3-33071D5F4485}.Debug|x86.ActiveCfg = Debug|Win32
		{72A76C78-8426-4A7B-BFF3-33071D5F4485}.Debug|x86.Build.0 = Debug|Win32
		{72A76C78-8426-4A7B-BFF3-33071D5F4485}.Release|Any CPU.ActiveCfg = Release|Win32
		{72A76C78-8426-4A7B-BFF3-33071D5F4485}.Release|x64.ActiveCfg = Release|x64
		{72A76C78-8426-4A7B-BFF3-33071D5F4485}.Release|x64.Build.0 = Release|x64
		{72A76C78-8426-4A7B-BFF3-33071D5F4485}.Release|x86.ActiveCfg = Release|Win32
		{72A76C78-8426-4A7B-BFF3-33071D5F4485}.Release|x86.Build.0 = Release|Win32
	EndGlobalSection
	GlobalSection(SolutionProperties) = preSolution
		HideSolutionNode = FALSE
	EndGlobalSection
	GlobalSection(ExtensibilityGlobals) = postSolution
		SolutionGuid = {1B0F0326-390D-49B2-BC19-703FFE4F5ECB}
	EndGlobalSection
EndGlobal
